// !$*UTF8*$!
{
	archiveVersion = 1;
	classes = {
	};
	objectVersion = 55;
	objects = {

/* Begin PBXBuildFile section */
		B006410E280011F000143E4B /* Utilities.swift in Sources */ = {isa = PBXBuildFile; fileRef = B006410D280011F000143E4B /* Utilities.swift */; };
		B0081E42280006FA008BFBA4 /* AppDelegate.swift in Sources */ = {isa = PBXBuildFile; fileRef = B0081E41280006FA008BFBA4 /* AppDelegate.swift */; };
		B0081E44280006FA008BFBA4 /* SceneDelegate.swift in Sources */ = {isa = PBXBuildFile; fileRef = B0081E43280006FA008BFBA4 /* SceneDelegate.swift */; };
		B0081E46280006FA008BFBA4 /* ViewController.swift in Sources */ = {isa = PBXBuildFile; fileRef = B0081E45280006FA008BFBA4 /* ViewController.swift */; };
		B0081E49280006FA008BFBA4 /* Main.storyboard in Resources */ = {isa = PBXBuildFile; fileRef = B0081E47280006FA008BFBA4 /* Main.storyboard */; };
		B0081E4B280006FB008BFBA4 /* Assets.xcassets in Resources */ = {isa = PBXBuildFile; fileRef = B0081E4A280006FB008BFBA4 /* Assets.xcassets */; };
		B0081E4E280006FB008BFBA4 /* LaunchScreen.storyboard in Resources */ = {isa = PBXBuildFile; fileRef = B0081E4C280006FB008BFBA4 /* LaunchScreen.storyboard */; };
		B0081E56280007A0008BFBA4 /* SignUpViewController.swift in Sources */ = {isa = PBXBuildFile; fileRef = B0081E55280007A0008BFBA4 /* SignUpViewController.swift */; };
		B0081E58280007BC008BFBA4 /* LoginViewController.swift in Sources */ = {isa = PBXBuildFile; fileRef = B0081E57280007BC008BFBA4 /* LoginViewController.swift */; };
		B0081E5A280007CE008BFBA4 /* HomeViewController.swift in Sources */ = {isa = PBXBuildFile; fileRef = B0081E59280007CE008BFBA4 /* HomeViewController.swift */; };
		B00A3613280551380016BD6E /* ContentView.swift in Sources */ = {isa = PBXBuildFile; fileRef = B00A3612280551380016BD6E /* ContentView.swift */; };
		B02593C12800265200A4BB8A /* GoogleService-Info.plist in Resources */ = {isa = PBXBuildFile; fileRef = B02593C02800265200A4BB8A /* GoogleService-Info.plist */; };
		B07951D428003EFD0060E1AE /* Constants.swift in Sources */ = {isa = PBXBuildFile; fileRef = B07951D328003EFD0060E1AE /* Constants.swift */; };
		B07B3E60280FF37F0023BEBB /* VerificationModel.swift in Sources */ = {isa = PBXBuildFile; fileRef = B07B3E5F280FF37E0023BEBB /* VerificationModel.swift */; };
		B0874ACF28002AD8007A2C4A /* FirebaseAnalytics in Frameworks */ = {isa = PBXBuildFile; productRef = B0874ACE28002AD8007A2C4A /* FirebaseAnalytics */; };
		B0874AD128002AD8007A2C4A /* FirebaseAppCheck in Frameworks */ = {isa = PBXBuildFile; productRef = B0874AD028002AD8007A2C4A /* FirebaseAppCheck */; };
		B0874AD328002AD8007A2C4A /* FirebaseAuth in Frameworks */ = {isa = PBXBuildFile; productRef = B0874AD228002AD8007A2C4A /* FirebaseAuth */; };
		B0874AD528002AD8007A2C4A /* FirebaseDatabase in Frameworks */ = {isa = PBXBuildFile; productRef = B0874AD428002AD8007A2C4A /* FirebaseDatabase */; };
		B0874AD728002AD8007A2C4A /* FirebaseFirestore in Frameworks */ = {isa = PBXBuildFile; productRef = B0874AD628002AD8007A2C4A /* FirebaseFirestore */; };
		B0C39D82280D3EA700768C49 /* FirebaseStorage in Frameworks */ = {isa = PBXBuildFile; productRef = B0C39D81280D3EA700768C49 /* FirebaseStorage */; };
		B0C5454E28055853006E2464 /* AdminViewController.swift in Sources */ = {isa = PBXBuildFile; fileRef = B0C5454D28055853006E2464 /* AdminViewController.swift */; };
		B0D1BE6A280549E600922760 /* QFData.swift in Sources */ = {isa = PBXBuildFile; fileRef = B0D1BE69280549E600922760 /* QFData.swift */; };
		B0D1BE6C28054AC700922760 /* ViewModel.swift in Sources */ = {isa = PBXBuildFile; fileRef = B0D1BE6B28054AC700922760 /* ViewModel.swift */; };
/* End PBXBuildFile section */

/* Begin PBXFileReference section */
		B006410D280011F000143E4B /* Utilities.swift */ = {isa = PBXFileReference; lastKnownFileType = sourcecode.swift; path = Utilities.swift; sourceTree = "<group>"; };
		B0081E3E280006FA008BFBA4 /* QrProject.app */ = {isa = PBXFileReference; explicitFileType = wrapper.application; includeInIndex = 0; path = QrProject.app; sourceTree = BUILT_PRODUCTS_DIR; };
		B0081E41280006FA008BFBA4 /* AppDelegate.swift */ = {isa = PBXFileReference; lastKnownFileType = sourcecode.swift; path = AppDelegate.swift; sourceTree = "<group>"; };
		B0081E43280006FA008BFBA4 /* SceneDelegate.swift */ = {isa = PBXFileReference; lastKnownFileType = sourcecode.swift; path = SceneDelegate.swift; sourceTree = "<group>"; };
		B0081E45280006FA008BFBA4 /* ViewController.swift */ = {isa = PBXFileReference; lastKnownFileType = sourcecode.swift; path = ViewController.swift; sourceTree = "<group>"; };
		B0081E48280006FA008BFBA4 /* Base */ = {isa = PBXFileReference; lastKnownFileType = file.storyboard; name = Base; path = Base.lproj/Main.storyboard; sourceTree = "<group>"; };
		B0081E4A280006FB008BFBA4 /* Assets.xcassets */ = {isa = PBXFileReference; lastKnownFileType = folder.assetcatalog; path = Assets.xcassets; sourceTree = "<group>"; };
		B0081E4D280006FB008BFBA4 /* Base */ = {isa = PBXFileReference; lastKnownFileType = file.storyboard; name = Base; path = Base.lproj/LaunchScreen.storyboard; sourceTree = "<group>"; };
		B0081E4F280006FB008BFBA4 /* Info.plist */ = {isa = PBXFileReference; lastKnownFileType = text.plist.xml; path = Info.plist; sourceTree = "<group>"; };
		B0081E55280007A0008BFBA4 /* SignUpViewController.swift */ = {isa = PBXFileReference; lastKnownFileType = sourcecode.swift; path = SignUpViewController.swift; sourceTree = "<group>"; };
		B0081E57280007BC008BFBA4 /* LoginViewController.swift */ = {isa = PBXFileReference; lastKnownFileType = sourcecode.swift; path = LoginViewController.swift; sourceTree = "<group>"; };
		B0081E59280007CE008BFBA4 /* HomeViewController.swift */ = {isa = PBXFileReference; lastKnownFileType = sourcecode.swift; path = HomeViewController.swift; sourceTree = "<group>"; };
		B00A3612280551380016BD6E /* ContentView.swift */ = {isa = PBXFileReference; lastKnownFileType = sourcecode.swift; path = ContentView.swift; sourceTree = "<group>"; };
		B02593C02800265200A4BB8A /* GoogleService-Info.plist */ = {isa = PBXFileReference; fileEncoding = 4; lastKnownFileType = text.plist.xml; path = "GoogleService-Info.plist"; sourceTree = "<group>"; };
		B07951D328003EFD0060E1AE /* Constants.swift */ = {isa = PBXFileReference; lastKnownFileType = sourcecode.swift; path = Constants.swift; sourceTree = "<group>"; };
		B07B3E5F280FF37E0023BEBB /* VerificationModel.swift */ = {isa = PBXFileReference; lastKnownFileType = sourcecode.swift; path = VerificationModel.swift; sourceTree = "<group>"; };
		B0C5454D28055853006E2464 /* AdminViewController.swift */ = {isa = PBXFileReference; lastKnownFileType = sourcecode.swift; path = AdminViewController.swift; sourceTree = "<group>"; };
		B0D1BE69280549E600922760 /* QFData.swift */ = {isa = PBXFileReference; lastKnownFileType = sourcecode.swift; path = QFData.swift; sourceTree = "<group>"; };
		B0D1BE6B28054AC700922760 /* ViewModel.swift */ = {isa = PBXFileReference; lastKnownFileType = sourcecode.swift; path = ViewModel.swift; sourceTree = "<group>"; };
/* End PBXFileReference section */

/* Begin PBXFrameworksBuildPhase section */
		B0081E3B280006FA008BFBA4 /* Frameworks */ = {
			isa = PBXFrameworksBuildPhase;
			buildActionMask = 2147483647;
			files = (
				B0874AD528002AD8007A2C4A /* FirebaseDatabase in Frameworks */,
				B0874ACF28002AD8007A2C4A /* FirebaseAnalytics in Frameworks */,
				B0874AD128002AD8007A2C4A /* FirebaseAppCheck in Frameworks */,
				B0874AD328002AD8007A2C4A /* FirebaseAuth in Frameworks */,
				B0874AD728002AD8007A2C4A /* FirebaseFirestore in Frameworks */,
				B0C39D82280D3EA700768C49 /* FirebaseStorage in Frameworks */,
			);
			runOnlyForDeploymentPostprocessing = 0;
		};
/* End PBXFrameworksBuildPhase section */

/* Begin PBXGroup section */
		B006410C280011D600143E4B /* Helpers */ = {
			isa = PBXGroup;
			children = (
				B006410D280011F000143E4B /* Utilities.swift */,
				B07951D328003EFD0060E1AE /* Constants.swift */,
			);
			path = Helpers;
			sourceTree = "<group>";
		};
		B0081E35280006FA008BFBA4 = {
			isa = PBXGroup;
			children = (
				B0081E40280006FA008BFBA4 /* QrProject */,
				B0081E3F280006FA008BFBA4 /* Products */,
				B0C39D80280D3EA700768C49 /* Frameworks */,
			);
			sourceTree = "<group>";
		};
		B0081E3F280006FA008BFBA4 /* Products */ = {
			isa = PBXGroup;
			children = (
				B0081E3E280006FA008BFBA4 /* QrProject.app */,
			);
			name = Products;
			sourceTree = "<group>";
		};
		B0081E40280006FA008BFBA4 /* QrProject */ = {
			isa = PBXGroup;
			children = (
				B0A61748280FD68B0013B0D8 /* Resources */,
				B00A3614280551C10016BD6E /* ViewModel */,
				B0D1BE68280549B700922760 /* Models */,
				B006410C280011D600143E4B /* Helpers */,
				B0081E5B280007E4008BFBA4 /* ViewControllers */,
				B0081E41280006FA008BFBA4 /* AppDelegate.swift */,
				B02593C02800265200A4BB8A /* GoogleService-Info.plist */,
				B0081E43280006FA008BFBA4 /* SceneDelegate.swift */,
				B0081E47280006FA008BFBA4 /* Main.storyboard */,
				B0081E4A280006FB008BFBA4 /* Assets.xcassets */,
				B0081E4C280006FB008BFBA4 /* LaunchScreen.storyboard */,
				B0081E4F280006FB008BFBA4 /* Info.plist */,
			);
			path = QrProject;
			sourceTree = "<group>";
		};
		B0081E5B280007E4008BFBA4 /* ViewControllers */ = {
			isa = PBXGroup;
			children = (
				B0081E45280006FA008BFBA4 /* ViewController.swift */,
				B0081E55280007A0008BFBA4 /* SignUpViewController.swift */,
				B0081E57280007BC008BFBA4 /* LoginViewController.swift */,
				B0081E59280007CE008BFBA4 /* HomeViewController.swift */,
				B0C5454D28055853006E2464 /* AdminViewController.swift */,
			);
			path = ViewControllers;
			sourceTree = "<group>";
		};
		B00A3614280551C10016BD6E /* ViewModel */ = {
			isa = PBXGroup;
			children = (
				B0D1BE6B28054AC700922760 /* ViewModel.swift */,
			);
			path = ViewModel;
			sourceTree = "<group>";
		};
		B0A61748280FD68B0013B0D8 /* Resources */ = {
			isa = PBXGroup;
			children = (
			);
			path = Resources;
			sourceTree = "<group>";
		};
		B0C39D80280D3EA700768C49 /* Frameworks */ = {
			isa = PBXGroup;
			children = (
			);
			name = Frameworks;
			sourceTree = "<group>";
		};
		B0D1BE68280549B700922760 /* Models */ = {
			isa = PBXGroup;
			children = (
				B0D1BE69280549E600922760 /* QFData.swift */,
				B00A3612280551380016BD6E /* ContentView.swift */,
				B07B3E5F280FF37E0023BEBB /* VerificationModel.swift */,
			);
			path = Models;
			sourceTree = "<group>";
		};
/* End PBXGroup section */

/* Begin PBXNativeTarget section */
		B0081E3D280006FA008BFBA4 /* QrProject */ = {
			isa = PBXNativeTarget;
			buildConfigurationList = B0081E52280006FB008BFBA4 /* Build configuration list for PBXNativeTarget "QrProject" */;
			buildPhases = (
				B0081E3A280006FA008BFBA4 /* Sources */,
				B0081E3B280006FA008BFBA4 /* Frameworks */,
				B0081E3C280006FA008BFBA4 /* Resources */,
			);
			buildRules = (
			);
			dependencies = (
			);
			name = QrProject;
			packageProductDependencies = (
				B0874ACE28002AD8007A2C4A /* FirebaseAnalytics */,
				B0874AD028002AD8007A2C4A /* FirebaseAppCheck */,
				B0874AD228002AD8007A2C4A /* FirebaseAuth */,
				B0874AD428002AD8007A2C4A /* FirebaseDatabase */,
				B0874AD628002AD8007A2C4A /* FirebaseFirestore */,
				B0C39D81280D3EA700768C49 /* FirebaseStorage */,
			);
			productName = QrProject;
			productReference = B0081E3E280006FA008BFBA4 /* QrProject.app */;
			productType = "com.apple.product-type.application";
		};
/* End PBXNativeTarget section */

/* Begin PBXProject section */
		B0081E36280006FA008BFBA4 /* Project object */ = {
			isa = PBXProject;
			attributes = {
				BuildIndependentTargetsInParallel = 1;
				LastSwiftUpdateCheck = 1330;
				LastUpgradeCheck = 1330;
				TargetAttributes = {
					B0081E3D280006FA008BFBA4 = {
						CreatedOnToolsVersion = 13.3;
					};
				};
			};
			buildConfigurationList = B0081E39280006FA008BFBA4 /* Build configuration list for PBXProject "QrProject" */;
			compatibilityVersion = "Xcode 13.0";
			developmentRegion = en;
			hasScannedForEncodings = 0;
			knownRegions = (
				en,
				Base,
			);
			mainGroup = B0081E35280006FA008BFBA4;
			packageReferences = (
				B0874ACD28002AD8007A2C4A /* XCRemoteSwiftPackageReference "firebase-ios-sdk" */,
			);
			productRefGroup = B0081E3F280006FA008BFBA4 /* Products */;
			projectDirPath = "";
			projectRoot = "";
			targets = (
				B0081E3D280006FA008BFBA4 /* QrProject */,
			);
		};
/* End PBXProject section */

/* Begin PBXResourcesBuildPhase section */
		B0081E3C280006FA008BFBA4 /* Resources */ = {
			isa = PBXResourcesBuildPhase;
			buildActionMask = 2147483647;
			files = (
				B0081E4E280006FB008BFBA4 /* LaunchScreen.storyboard in Resources */,
				B02593C12800265200A4BB8A /* GoogleService-Info.plist in Resources */,
				B0081E4B280006FB008BFBA4 /* Assets.xcassets in Resources */,
				B0081E49280006FA008BFBA4 /* Main.storyboard in Resources */,
			);
			runOnlyForDeploymentPostprocessing = 0;
		};
/* End PBXResourcesBuildPhase section */

/* Begin PBXSourcesBuildPhase section */
		B0081E3A280006FA008BFBA4 /* Sources */ = {
			isa = PBXSourcesBuildPhase;
			buildActionMask = 2147483647;
			files = (
				B0C5454E28055853006E2464 /* AdminViewController.swift in Sources */,
				B0081E46280006FA008BFBA4 /* ViewController.swift in Sources */,
				B00A3613280551380016BD6E /* ContentView.swift in Sources */,
				B0D1BE6A280549E600922760 /* QFData.swift in Sources */,
				B0D1BE6C28054AC700922760 /* ViewModel.swift in Sources */,
				B0081E42280006FA008BFBA4 /* AppDelegate.swift in Sources */,
				B006410E280011F000143E4B /* Utilities.swift in Sources */,
				B0081E56280007A0008BFBA4 /* SignUpViewController.swift in Sources */,
				B0081E58280007BC008BFBA4 /* LoginViewController.swift in Sources */,
				B07B3E60280FF37F0023BEBB /* VerificationModel.swift in Sources */,
				B0081E44280006FA008BFBA4 /* SceneDelegate.swift in Sources */,
				B0081E5A280007CE008BFBA4 /* HomeViewController.swift in Sources */,
				B07951D428003EFD0060E1AE /* Constants.swift in Sources */,
			);
			runOnlyForDeploymentPostprocessing = 0;
		};
/* End PBXSourcesBuildPhase section */

/* Begin PBXVariantGroup section */
		B0081E47280006FA008BFBA4 /* Main.storyboard */ = {
			isa = PBXVariantGroup;
			children = (
				B0081E48280006FA008BFBA4 /* Base */,
			);
			name = Main.storyboard;
			sourceTree = "<group>";
		};
		B0081E4C280006FB008BFBA4 /* LaunchScreen.storyboard */ = {
			isa = PBXVariantGroup;
			children = (
				B0081E4D280006FB008BFBA4 /* Base */,
			);
			name = LaunchScreen.storyboard;
			sourceTree = "<group>";
		};
/* End PBXVariantGroup section */

/* Begin XCBuildConfiguration section */
		B0081E50280006FB008BFBA4 /* Debug */ = {
			isa = XCBuildConfiguration;
			buildSettings = {
				ALWAYS_SEARCH_USER_PATHS = NO;
				CLANG_ANALYZER_NONNULL = YES;
				CLANG_ANALYZER_NUMBER_OBJECT_CONVERSION = YES_AGGRESSIVE;
				CLANG_CXX_LANGUAGE_STANDARD = "gnu++17";
				CLANG_ENABLE_MODULES = YES;
				CLANG_ENABLE_OBJC_ARC = YES;
				CLANG_ENABLE_OBJC_WEAK = YES;
				CLANG_WARN_BLOCK_CAPTURE_AUTORELEASING = YES;
				CLANG_WARN_BOOL_CONVERSION = YES;
				CLANG_WARN_COMMA = YES;
				CLANG_WARN_CONSTANT_CONVERSION = YES;
				CLANG_WARN_DEPRECATED_OBJC_IMPLEMENTATIONS = YES;
				CLANG_WARN_DIRECT_OBJC_ISA_USAGE = YES_ERROR;
				CLANG_WARN_DOCUMENTATION_COMMENTS = YES;
				CLANG_WARN_EMPTY_BODY = YES;
				CLANG_WARN_ENUM_CONVERSION = YES;
				CLANG_WARN_INFINITE_RECURSION = YES;
				CLANG_WARN_INT_CONVERSION = YES;
				CLANG_WARN_NON_LITERAL_NULL_CONVERSION = YES;
				CLANG_WARN_OBJC_IMPLICIT_RETAIN_SELF = YES;
				CLANG_WARN_OBJC_LITERAL_CONVERSION = YES;
				CLANG_WARN_OBJC_ROOT_CLASS = YES_ERROR;
				CLANG_WARN_QUOTED_INCLUDE_IN_FRAMEWORK_HEADER = YES;
				CLANG_WARN_RANGE_LOOP_ANALYSIS = YES;
				CLANG_WARN_STRICT_PROTOTYPES = YES;
				CLANG_WARN_SUSPICIOUS_MOVE = YES;
				CLANG_WARN_UNGUARDED_AVAILABILITY = YES_AGGRESSIVE;
				CLANG_WARN_UNREACHABLE_CODE = YES;
				CLANG_WARN__DUPLICATE_METHOD_MATCH = YES;
				COPY_PHASE_STRIP = NO;
				DEBUG_INFORMATION_FORMAT = dwarf;
				ENABLE_STRICT_OBJC_MSGSEND = YES;
				ENABLE_TESTABILITY = YES;
				GCC_C_LANGUAGE_STANDARD = gnu11;
				GCC_DYNAMIC_NO_PIC = NO;
				GCC_NO_COMMON_BLOCKS = YES;
				GCC_OPTIMIZATION_LEVEL = 0;
				GCC_PREPROCESSOR_DEFINITIONS = (
					"DEBUG=1",
					"$(inherited)",
				);
				GCC_WARN_64_TO_32_BIT_CONVERSION = YES;
				GCC_WARN_ABOUT_RETURN_TYPE = YES_ERROR;
				GCC_WARN_UNDECLARED_SELECTOR = YES;
				GCC_WARN_UNINITIALIZED_AUTOS = YES_AGGRESSIVE;
				GCC_WARN_UNUSED_FUNCTION = YES;
				GCC_WARN_UNUSED_VARIABLE = YES;
				INFOPLIST_KEY_CFBundleDisplayName = "НЭК Обход";
				IPHONEOS_DEPLOYMENT_TARGET = 15.4;
				MTL_ENABLE_DEBUG_INFO = INCLUDE_SOURCE;
				MTL_FAST_MATH = YES;
				ONLY_ACTIVE_ARCH = YES;
				SDKROOT = iphoneos;
				SWIFT_ACTIVE_COMPILATION_CONDITIONS = DEBUG;
				SWIFT_OPTIMIZATION_LEVEL = "-Onone";
			};
			name = Debug;
		};
		B0081E51280006FB008BFBA4 /* Release */ = {
			isa = XCBuildConfiguration;
			buildSettings = {
				ALWAYS_SEARCH_USER_PATHS = NO;
				CLANG_ANALYZER_NONNULL = YES;
				CLANG_ANALYZER_NUMBER_OBJECT_CONVERSION = YES_AGGRESSIVE;
				CLANG_CXX_LANGUAGE_STANDARD = "gnu++17";
				CLANG_ENABLE_MODULES = YES;
				CLANG_ENABLE_OBJC_ARC = YES;
				CLANG_ENABLE_OBJC_WEAK = YES;
				CLANG_WARN_BLOCK_CAPTURE_AUTORELEASING = YES;
				CLANG_WARN_BOOL_CONVERSION = YES;
				CLANG_WARN_COMMA = YES;
				CLANG_WARN_CONSTANT_CONVERSION = YES;
				CLANG_WARN_DEPRECATED_OBJC_IMPLEMENTATIONS = YES;
				CLANG_WARN_DIRECT_OBJC_ISA_USAGE = YES_ERROR;
				CLANG_WARN_DOCUMENTATION_COMMENTS = YES;
				CLANG_WARN_EMPTY_BODY = YES;
				CLANG_WARN_ENUM_CONVERSION = YES;
				CLANG_WARN_INFINITE_RECURSION = YES;
				CLANG_WARN_INT_CONVERSION = YES;
				CLANG_WARN_NON_LITERAL_NULL_CONVERSION = YES;
				CLANG_WARN_OBJC_IMPLICIT_RETAIN_SELF = YES;
				CLANG_WARN_OBJC_LITERAL_CONVERSION = YES;
				CLANG_WARN_OBJC_ROOT_CLASS = YES_ERROR;
				CLANG_WARN_QUOTED_INCLUDE_IN_FRAMEWORK_HEADER = YES;
				CLANG_WARN_RANGE_LOOP_ANALYSIS = YES;
				CLANG_WARN_STRICT_PROTOTYPES = YES;
				CLANG_WARN_SUSPICIOUS_MOVE = YES;
				CLANG_WARN_UNGUARDED_AVAILABILITY = YES_AGGRESSIVE;
				CLANG_WARN_UNREACHABLE_CODE = YES;
				CLANG_WARN__DUPLICATE_METHOD_MATCH = YES;
				COPY_PHASE_STRIP = NO;
				DEBUG_INFORMATION_FORMAT = "dwarf-with-dsym";
				ENABLE_NS_ASSERTIONS = NO;
				ENABLE_STRICT_OBJC_MSGSEND = YES;
				GCC_C_LANGUAGE_STANDARD = gnu11;
				GCC_NO_COMMON_BLOCKS = YES;
				GCC_WARN_64_TO_32_BIT_CONVERSION = YES;
				GCC_WARN_ABOUT_RETURN_TYPE = YES_ERROR;
				GCC_WARN_UNDECLARED_SELECTOR = YES;
				GCC_WARN_UNINITIALIZED_AUTOS = YES_AGGRESSIVE;
				GCC_WARN_UNUSED_FUNCTION = YES;
				GCC_WARN_UNUSED_VARIABLE = YES;
				INFOPLIST_KEY_CFBundleDisplayName = "НЭК Обход";
				IPHONEOS_DEPLOYMENT_TARGET = 15.4;
				MTL_ENABLE_DEBUG_INFO = NO;
				MTL_FAST_MATH = YES;
				SDKROOT = iphoneos;
				SWIFT_COMPILATION_MODE = wholemodule;
				SWIFT_OPTIMIZATION_LEVEL = "-O";
				VALIDATE_PRODUCT = YES;
			};
			name = Release;
		};
		B0081E53280006FB008BFBA4 /* Debug */ = {
			isa = XCBuildConfiguration;
			buildSettings = {
				ASSETCATALOG_COMPILER_APPICON_NAME = AppIcon;
				ASSETCATALOG_COMPILER_GLOBAL_ACCENT_COLOR_NAME = AccentColor;
				CODE_SIGN_STYLE = Automatic;
				CURRENT_PROJECT_VERSION = 1;
				DEVELOPMENT_TEAM = PR7TT4NASD;
				GENERATE_INFOPLIST_FILE = YES;
				INFOPLIST_FILE = QrProject/Info.plist;
				INFOPLIST_KEY_NSCameraUsageDescription = "This app need to use you camera.";
				INFOPLIST_KEY_NSFileProviderDomainUsageDescription = "";
				INFOPLIST_KEY_UIApplicationSupportsIndirectInputEvents = YES;
				INFOPLIST_KEY_UILaunchStoryboardName = LaunchScreen;
				INFOPLIST_KEY_UIMainStoryboardFile = Main;
				INFOPLIST_KEY_UISupportedInterfaceOrientations = UIInterfaceOrientationPortrait;
				INFOPLIST_KEY_UISupportedInterfaceOrientations_iPad = "UIInterfaceOrientationPortrait UIInterfaceOrientationPortraitUpsideDown UIInterfaceOrientationLandscapeLeft UIInterfaceOrientationLandscapeRight";
				INFOPLIST_KEY_UISupportedInterfaceOrientations_iPhone = "UIInterfaceOrientationPortrait UIInterfaceOrientationLandscapeLeft UIInterfaceOrientationLandscapeRight";
				LD_RUNPATH_SEARCH_PATHS = (
					"$(inherited)",
					"@executable_path/Frameworks",
				);
				MARKETING_VERSION = 1.0;
				PRODUCT_BUNDLE_IDENTIFIER = Kishin.QrProject;
				PRODUCT_NAME = "$(TARGET_NAME)";
				SWIFT_EMIT_LOC_STRINGS = YES;
				SWIFT_VERSION = 5.0;
				TARGETED_DEVICE_FAMILY = "1,2";
			};
			name = Debug;
		};
		B0081E54280006FB008BFBA4 /* Release */ = {
			isa = XCBuildConfiguration;
			buildSettings = {
				ASSETCATALOG_COMPILER_APPICON_NAME = AppIcon;
				ASSETCATALOG_COMPILER_GLOBAL_ACCENT_COLOR_NAME = AccentColor;
				CODE_SIGN_STYLE = Automatic;
				CURRENT_PROJECT_VERSION = 1;
				DEVELOPMENT_TEAM = PR7TT4NASD;
				GENERATE_INFOPLIST_FILE = YES;
				INFOPLIST_FILE = QrProject/Info.plist;
				INFOPLIST_KEY_NSCameraUsageDescription = "This app need to use you camera.";
				INFOPLIST_KEY_NSFileProviderDomainUsageDescription = "";
				INFOPLIST_KEY_UIApplicationSupportsIndirectInputEvents = YES;
				INFOPLIST_KEY_UILaunchStoryboardName = LaunchScreen;
				INFOPLIST_KEY_UIMainStoryboardFile = Main;
				INFOPLIST_KEY_UISupportedInterfaceOrientations = UIInterfaceOrientationPortrait;
				INFOPLIST_KEY_UISupportedInterfaceOrientations_iPad = "UIInterfaceOrientationPortrait UIInterfaceOrientationPortraitUpsideDown UIInterfaceOrientationLandscapeLeft UIInterfaceOrientationLandscapeRight";
				INFOPLIST_KEY_UISupportedInterfaceOrientations_iPhone = "UIInterfaceOrientationPortrait UIInterfaceOrientationLandscapeLeft UIInterfaceOrientationLandscapeRight";
				LD_RUNPATH_SEARCH_PATHS = (
					"$(inherited)",
					"@executable_path/Frameworks",
				);
				MARKETING_VERSION = 1.0;
				PRODUCT_BUNDLE_IDENTIFIER = Kishin.QrProject;
				PRODUCT_NAME = "$(TARGET_NAME)";
				SWIFT_EMIT_LOC_STRINGS = YES;
				SWIFT_VERSION = 5.0;
				TARGETED_DEVICE_FAMILY = "1,2";
			};
			name = Release;
		};
/* End XCBuildConfiguration section */

/* Begin XCConfigurationList section */
		B0081E39280006FA008BFBA4 /* Build configuration list for PBXProject "QrProject" */ = {
			isa = XCConfigurationList;
			buildConfigurations = (
				B0081E50280006FB008BFBA4 /* Debug */,
				B0081E51280006FB008BFBA4 /* Release */,
			);
			defaultConfigurationIsVisible = 0;
			defaultConfigurationName = Release;
		};
		B0081E52280006FB008BFBA4 /* Build configuration list for PBXNativeTarget "QrProject" */ = {
			isa = XCConfigurationList;
			buildConfigurations = (
				B0081E53280006FB008BFBA4 /* Debug */,
				B0081E54280006FB008BFBA4 /* Release */,
			);
			defaultConfigurationIsVisible = 0;
			defaultConfigurationName = Release;
		};
/* End XCConfigurationList section */

/* Begin XCRemoteSwiftPackageReference section */
		B0874ACD28002AD8007A2C4A /* XCRemoteSwiftPackageReference "firebase-ios-sdk" */ = {
			isa = XCRemoteSwiftPackageReference;
			repositoryURL = "https://github.com/firebase/firebase-ios-sdk";
			requirement = {
				kind = upToNextMajorVersion;
				minimumVersion = 8.0.0;
			};
		};
/* End XCRemoteSwiftPackageReference section */

/* Begin XCSwiftPackageProductDependency section */
		B0874ACE28002AD8007A2C4A /* FirebaseAnalytics */ = {
			isa = XCSwiftPackageProductDependency;
			package = B0874ACD28002AD8007A2C4A /* XCRemoteSwiftPackageReference "firebase-ios-sdk" */;
			productName = FirebaseAnalytics;
		};
		B0874AD028002AD8007A2C4A /* FirebaseAppCheck */ = {
			isa = XCSwiftPackageProductDependency;
			package = B0874ACD28002AD8007A2C4A /* XCRemoteSwiftPackageReference "firebase-ios-sdk" */;
			productName = FirebaseAppCheck;
		};
		B0874AD228002AD8007A2C4A /* FirebaseAuth */ = {
			isa = XCSwiftPackageProductDependency;
			package = B0874ACD28002AD8007A2C4A /* XCRemoteSwiftPackageReference "firebase-ios-sdk" */;
			productName = FirebaseAuth;
		};
		B0874AD428002AD8007A2C4A /* FirebaseDatabase */ = {
			isa = XCSwiftPackageProductDependency;
			package = B0874ACD28002AD8007A2C4A /* XCRemoteSwiftPackageReference "firebase-ios-sdk" */;
			productName = FirebaseDatabase;
		};
		B0874AD628002AD8007A2C4A /* FirebaseFirestore */ = {
			isa = XCSwiftPackageProductDependency;
			package = B0874ACD28002AD8007A2C4A /* XCRemoteSwiftPackageReference "firebase-ios-sdk" */;
			productName = FirebaseFirestore;
		};
		B0C39D81280D3EA700768C49 /* FirebaseStorage */ = {
			isa = XCSwiftPackageProductDependency;
			package = B0874ACD28002AD8007A2C4A /* XCRemoteSwiftPackageReference "firebase-ios-sdk" */;
			productName = FirebaseStorage;
		};
/* End XCSwiftPackageProductDependency section */
	};
	rootObject = B0081E36280006FA008BFBA4 /* Project object */;
}
